
Microsoft Visual Studio Solution File, Format Version 12.00
# Visual Studio 2012
Project("{FAE04EC0-301F-11D3-BF4B-00C04F79EFBC}") = "Specs", "Specs\Specs.csproj", "{0B1E41CA-03E8-4B6B-9E81-A095FBD20D1C}"
EndProject
Project("{FAE04EC0-301F-11D3-BF4B-00C04F79EFBC}") = "SuperBowlingScorer", "SuperBowlingScorer\SuperBowlingScorer.csproj", "{C0595FD9-F05A-4567-824C-A74B06C1A001}"
EndProject
Global
	GlobalSection(SolutionConfigurationPlatforms) = preSolution
		Debug|Any CPU = Debug|Any CPU
		Release|Any CPU = Release|Any CPU
	EndGlobalSection
	GlobalSection(ProjectConfigurationPlatforms) = postSolution
		{0B1E41CA-03E8-4B6B-9E81-A095FBD20D1C}.Debug|Any CPU.ActiveCfg = Debug|Any CPU
		{0B1E41CA-03E8-4B6B-9E81-A095FBD20D1C}.Debug|Any CPU.Build.0 = Debug|Any CPU
		{0B1E41CA-03E8-4B6B-9E81-A095FBD20D1C}.Release|Any CPU.ActiveCfg = Release|Any CPU
		{0B1E41CA-03E8-4B6B-9E81-A095FBD20D1C}.Release|Any CPU.Build.0 = Release|Any CPU
		{C0595FD9-F05A-4567-824C-A74B06C1A001}.Debug|Any CPU.ActiveCfg = Debug|Any CPU
		{C0595FD9-F05A-4567-824C-A74B06C1A001}.Debug|Any CPU.Build.0 = Debug|Any CPU
		{C0595FD9-F05A-4567-824C-A74B06C1A001}.Release|Any CPU.ActiveCfg = Release|Any CPU
		{C0595FD9-F05A-4567-824C-A74B06C1A001}.Release|Any CPU.Build.0 = Release|Any CPU
	EndGlobalSection
	GlobalSection(SolutionProperties) = preSolution
		HideSolutionNode = FALSE
	EndGlobalSection
EndGlobal
